{
  "name": "socket-chat-example",
  "version": "0.2.0",
  "lockfileVersion": 1,
  "requires": true,
  "dependencies": {
    "accepts": {
      "version": "1.1.4",
      "resolved": "https://registry.npmjs.org/accepts/-/accepts-1.1.4.tgz",
      "integrity": "sha1-1xyW99QdD+2iw4zRToonwEFY30o=",
      "requires": {
        "mime-types": "~2.0.4",
        "negotiator": "0.4.9"
      }
    },
    "after": {
      "version": "0.8.2",
      "resolved": "https://registry.npmjs.org/after/-/after-0.8.2.tgz",
      "integrity": "sha1-/ts5T58OAqqXaOcCvaI7UF+ufh8="
    },
    "arraybuffer.slice": {
      "version": "0.0.7",
      "resolved": "https://registry.npmjs.org/arraybuffer.slice/-/arraybuffer.slice-0.0.7.tgz",
      "integrity": "sha512-wGUIVQXuehL5TCqQun8OW81jGzAWycqzFF8lFp+GOM5BXLYj3bKNsYC4daB7n6XjCqxQA/qgTJ+8ANR3acjrog=="
    },
    "backo2": {
      "version": "1.0.2",
      "resolved": "https://registry.npmjs.org/backo2/-/backo2-1.0.2.tgz",
      "integrity": "sha1-MasayLEpNjRj41s+u2n038+6eUc="
    },
    "base64-arraybuffer": {
      "version": "0.1.4",
      "resolved": "https://registry.npmjs.org/base64-arraybuffer/-/base64-arraybuffer-0.1.4.tgz",
      "integrity": "sha1-mBjHngWbE1X5fgQooBfIOOkLqBI="
    },
    "base64id": {
      "version": "2.0.0",
      "resolved": "https://registry.npmjs.org/base64id/-/base64id-2.0.0.tgz",
      "integrity": "sha512-lGe34o6EHj9y3Kts9R4ZYs/Gr+6N7MCaMlIFA3F1R2O5/m7K06AxfSeO5530PEERE6/WyEg3lsuyw4GHlPZHog=="
    },
    "blob": {
      "version": "0.0.5",
      "resolved": "https://registry.npmjs.org/blob/-/blob-0.0.5.tgz",
      "integrity": "sha512-gaqbzQPqOoamawKg0LGVd7SzLgXS+JH61oWprSLH+P+abTczqJbhTR8CmJ2u9/bUYNmHTGJx/UEmn6doAvvuig=="
    },
    "component-bind": {
      "version": "1.0.0",
      "resolved": "https://registry.npmjs.org/component-bind/-/component-bind-1.0.0.tgz",
      "integrity": "sha1-AMYIq33Nk4l8AAllGx06jh5zu9E="
    },
    "component-emitter": {
      "version": "1.3.0",
      "resolved": "https://registry.npmjs.org/component-emitter/-/component-emitter-1.3.0.tgz",
      "integrity": "sha512-Rd3se6QB+sO1TwqZjscQrurpEPIfO0/yYnSin6Q/rD3mOutHvUrCAhJub3r90uNb+SESBuE0QYoB90YdfatsRg=="
    },
    "component-inherit": {
      "version": "0.0.3",
      "resolved": "https://registry.npmjs.org/component-inherit/-/component-inherit-0.0.3.tgz",
      "integrity": "sha1-ZF/ErfWLcrZJ1crmUTVhnbJv8UM="
    },
    "content-disposition": {
      "version": "0.5.0",
      "resolved": "https://registry.npmjs.org/content-disposition/-/content-disposition-0.5.0.tgz",
      "integrity": "sha1-QoT+auBjCHRjnkToCkGMKTQTXp4="
    },
    "cookie": {
      "version": "0.1.2",
      "resolved": "https://registry.npmjs.org/cookie/-/cookie-0.1.2.tgz",
      "integrity": "sha1-cv7D0k5Io0Mgc9kMEmQgBQYQBLE="
    },
    "cookie-signature": {
      "version": "1.0.5",
      "resolved": "https://registry.npmjs.org/cookie-signature/-/cookie-signature-1.0.5.tgz",
      "integrity": "sha1-oSLj8VA+yg9TVXlbBxG7I2jUUPk="
    },
    "crc": {
      "version": "3.2.1",
      "resolved": "https://registry.npmjs.org/crc/-/crc-3.2.1.tgz",
      "integrity": "sha1-XZyPt3okXNXsopHl0tAFM0urAII="
    },
    "debug": {
      "version": "2.1.3",
      "resolved": "https://registry.npmjs.org/debug/-/debug-2.1.3.tgz",
      "integrity": "sha1-zoqxte6PvuK/o7Yzyrk9NmtjQY4=",
      "requires": {
        "ms": "0.7.0"
      }
    },
    "depd": {
      "version": "1.0.1",
      "resolved": "https://registry.npmjs.org/depd/-/depd-1.0.1.tgz",
      "integrity": "sha1-gK7GTJ1tl+ZcwqnKqTwKpqv3Oqo="
    },
    "destroy": {
      "version": "1.0.3",
      "resolved": "https://registry.npmjs.org/destroy/-/destroy-1.0.3.tgz",
      "integrity": "sha1-tDO0ck5x/YVR2YhRdIUcX8N34sk="
    },
    "ee-first": {
      "version": "1.1.0",
      "resolved": "https://registry.npmjs.org/ee-first/-/ee-first-1.1.0.tgz",
      "integrity": "sha1-ag18YiHkkP7v2S7D9EHJzozQl/Q="
    },
    "engine.io": {
      "version": "3.5.0",
      "resolved": "https://registry.npmjs.org/engine.io/-/engine.io-3.5.0.tgz",
      "integrity": "sha512-21HlvPUKaitDGE4GXNtQ7PLP0Sz4aWLddMPw2VTyFz1FVZqu/kZsJUO8WNpKuE/OCL7nkfRaOui2ZCJloGznGA==",
      "requires": {
        "accepts": "~1.3.4",
        "base64id": "2.0.0",
        "cookie": "~0.4.1",
        "debug": "~4.1.0",
        "engine.io-parser": "~2.2.0",
        "ws": "~7.4.2"
      },
      "dependencies": {
        "accepts": {
          "version": "1.3.7",
          "resolved": "https://registry.npmjs.org/accepts/-/accepts-1.3.7.tgz",
          "integrity": "sha512-Il80Qs2WjYlJIBNzNkK6KYqlVMTbZLXgHx2oT0pU/fjRHyEp+PEfEPY0R3WCwAGVOtauxh1hOxNgIf5bv7dQpA==",
          "requires": {
            "mime-types": "~2.1.24",
            "negotiator": "0.6.2"
          }
        },
        "cookie": {
          "version": "0.4.1",
          "resolved": "https://registry.npmjs.org/cookie/-/cookie-0.4.1.tgz",
          "integrity": "sha512-ZwrFkGJxUR3EIoXtO+yVE69Eb7KlixbaeAWfBQB9vVsNn/o+Yw69gBWSSDK825hQNdN+wF8zELf3dFNl/kxkUA=="
        },
        "debug": {
          "version": "4.1.1",
          "resolved": "https://registry.npmjs.org/debug/-/debug-4.1.1.tgz",
          "integrity": "sha512-pYAIzeRo8J6KPEaJ0VWOh5Pzkbw/RetuzehGM7QRRX5he4fPHx2rdKMB256ehJCkX+XRQm16eZLqLNS8RSZXZw==",
          "requires": {
            "ms": "^2.1.1"
          }
        },
        "mime-db": {
          "version": "1.47.0",
          "resolved": "https://registry.npmjs.org/mime-db/-/mime-db-1.47.0.tgz",
          "integrity": "sha512-QBmA/G2y+IfeS4oktet3qRZ+P5kPhCKRXxXnQEudYqUaEioAU1/Lq2us3D/t1Jfo4hE9REQPrbB7K5sOczJVIw=="
        },
        "mime-types": {
          "version": "2.1.30",
          "resolved": "https://registry.npmjs.org/mime-types/-/mime-types-2.1.30.tgz",
          "integrity": "sha512-crmjA4bLtR8m9qLpHvgxSChT+XoSlZi8J4n/aIdn3z92e/U47Z0V/yl+Wh9W046GgFVAmoNR/fmdbZYcSSIUeg==",
          "requires": {
            "mime-db": "1.47.0"
          }
        },
        "ms": {
          "version": "2.1.3",
          "resolved": "https://registry.npmjs.org/ms/-/ms-2.1.3.tgz",
          "integrity": "sha512-6FlzubTLZG3J2a/NVCAleEhjzq5oxgHyaCU9yYXvcLsvoVaHJq/s5xXI6/XXP6tz7R9xAOtHnSO/tXtF3WRTlA=="
        },
        "negotiator": {
          "version": "0.6.2",
          "resolved": "https://registry.npmjs.org/negotiator/-/negotiator-0.6.2.tgz",
          "integrity": "sha512-hZXc7K2e+PgeI1eDBe/10Ard4ekbfrrqG8Ep+8Jmf4JID2bNg7NvCPOZN+kfF574pFQI7mum2AUqDidoKqcTOw=="
        }
      }
    },
    "engine.io-client": {
      "version": "3.5.1",
      "resolved": "https://registry.npmjs.org/engine.io-client/-/engine.io-client-3.5.1.tgz",
      "integrity": "sha512-oVu9kBkGbcggulyVF0kz6BV3ganqUeqXvD79WOFKa+11oK692w1NyFkuEj4xrkFRpZhn92QOqTk4RQq5LiBXbQ==",
      "requires": {
        "component-emitter": "~1.3.0",
        "component-inherit": "0.0.3",
        "debug": "~3.1.0",
        "engine.io-parser": "~2.2.0",
        "has-cors": "1.1.0",
        "indexof": "0.0.1",
        "parseqs": "0.0.6",
        "parseuri": "0.0.6",
        "ws": "~7.4.2",
        "xmlhttprequest-ssl": "~1.5.4",
        "yeast": "0.1.2"
      },
      "dependencies": {
        "debug": {
          "version": "3.1.0",
          "resolved": "https://registry.npmjs.org/debug/-/debug-3.1.0.tgz",
          "integrity": "sha512-OX8XqP7/1a9cqkxYw2yXss15f26NKWBpDXQd0/uK/KPqdQhxbPa994hnzjcE2VqQpDslf55723cKPUOGSmMY3g==",
          "requires": {
            "ms": "2.0.0"
          }
        },
        "ms": {
          "version": "2.0.0",
          "resolved": "https://registry.npmjs.org/ms/-/ms-2.0.0.tgz",
          "integrity": "sha1-VgiurfwAvmwpAd9fmGF4jeDVl8g="
        }
      }
    },
    "engine.io-parser": {
      "version": "2.2.1",
      "resolved": "https://registry.npmjs.org/engine.io-parser/-/engine.io-parser-2.2.1.tgz",
      "integrity": "sha512-x+dN/fBH8Ro8TFwJ+rkB2AmuVw9Yu2mockR/p3W8f8YtExwFgDvBDi0GWyb4ZLkpahtDGZgtr3zLovanJghPqg==",
      "requires": {
        "after": "0.8.2",
        "arraybuffer.slice": "~0.0.7",
        "base64-arraybuffer": "0.1.4",
        "blob": "0.0.5",
        "has-binary2": "~1.0.2"
      }
    },
    "escape-html": {
      "version": "1.0.1",
      "resolved": "https://registry.npmjs.org/escape-html/-/escape-html-1.0.1.tgz",
      "integrity": "sha1-GBoobq05ejmpKFfPsdQwUuNWv/A="
    },
    "etag": {
      "version": "1.5.1",
      "resolved": "https://registry.npmjs.org/etag/-/etag-1.5.1.tgz",
      "integrity": "sha1-VMUN4E7kJpVWKSWsVmWIKRvn6eo=",
      "requires": {
        "crc": "3.2.1"
      }
    },
    "express": {
      "version": "4.10.2",
      "resolved": "https://registry.npmjs.org/express/-/express-4.10.2.tgz",
      "integrity": "sha1-3wbd6U2WiTKCnUQKIATF7+ZElbA=",
      "requires": {
        "accepts": "~1.1.3",
        "content-disposition": "0.5.0",
        "cookie": "0.1.2",
        "cookie-signature": "1.0.5",
        "debug": "~2.1.0",
        "depd": "~1.0.0",
        "escape-html": "1.0.1",
        "etag": "~1.5.0",
        "finalhandler": "0.3.2",
        "fresh": "0.2.4",
        "media-typer": "0.3.0",
        "merge-descriptors": "0.0.2",
        "methods": "1.1.0",
        "on-finished": "~2.1.1",
        "parseurl": "~1.3.0",
        "path-to-regexp": "0.1.3",
        "proxy-addr": "~1.0.3",
        "qs": "2.3.2",
        "range-parser": "~1.0.2",
        "send": "0.10.1",
        "serve-static": "~1.7.1",
        "type-is": "~1.5.3",
        "utils-merge": "1.0.0",
        "vary": "~1.0.0"
      }
    },
    "finalhandler": {
      "version": "0.3.2",
      "resolved": "https://registry.npmjs.org/finalhandler/-/finalhandler-0.3.2.tgz",
      "integrity": "sha1-ezibD9Nkem+QvVZOImJL+KSnf7U=",
      "requires": {
        "debug": "~2.1.0",
        "escape-html": "1.0.1",
        "on-finished": "~2.1.1"
      }
    },
    "forwarded": {
      "version": "0.1.2",
      "resolved": "https://registry.npmjs.org/forwarded/-/forwarded-0.1.2.tgz",
      "integrity": "sha1-mMI9qxF1ZXuMBXPozszZGw/xjIQ="
    },
    "fresh": {
      "version": "0.2.4",
      "resolved": "https://registry.npmjs.org/fresh/-/fresh-0.2.4.tgz",
      "integrity": "sha1-NYJJkgbJcjcUGQ7ddLRgT+tKYUw="
    },
    "has-binary2": {
      "version": "1.0.3",
      "resolved": "https://registry.npmjs.org/has-binary2/-/has-binary2-1.0.3.tgz",
      "integrity": "sha512-G1LWKhDSvhGeAQ8mPVQlqNcOB2sJdwATtZKl2pDKKHfpf/rYj24lkinxf69blJbnsvtqqNU+L3SL50vzZhXOnw==",
      "requires": {
        "isarray": "2.0.1"
      }
    },
    "has-cors": {
      "version": "1.1.0",
      "resolved": "https://registry.npmjs.org/has-cors/-/has-cors-1.1.0.tgz",
      "integrity": "sha1-XkdHk/fqmEPRu5nCPu9J/xJv/zk="
    },
    "indexof": {
      "version": "0.0.1",
      "resolved": "https://registry.npmjs.org/indexof/-/indexof-0.0.1.tgz",
      "integrity": "sha1-gtwzbSMrkGIXnQWrMpOmYFn9Q10="
    },
    "ipaddr.js": {
      "version": "1.0.5",
      "resolved": "https://registry.npmjs.org/ipaddr.js/-/ipaddr.js-1.0.5.tgz",
      "integrity": "sha1-X6eM8wG4JceKvDBC2BJyMEnqI8c="
    },
    "isarray": {
      "version": "2.0.1",
      "resolved": "https://registry.npmjs.org/isarray/-/isarray-2.0.1.tgz",
      "integrity": "sha1-o32U7ZzaLVmGXJ92/llu4fM4dB4="
    },
    "media-typer": {
      "version": "0.3.0",
      "resolved": "https://registry.npmjs.org/media-typer/-/media-typer-0.3.0.tgz",
      "integrity": "sha1-hxDXrwqmJvj/+hzgAWhUUmMlV0g="
    },
    "merge-descriptors": {
      "version": "0.0.2",
      "resolved": "https://registry.npmjs.org/merge-descriptors/-/merge-descriptors-0.0.2.tgz",
      "integrity": "sha1-w2pSp4FDdRPFcnXzndnTF1FKyMc="
    },
    "methods": {
      "version": "1.1.0",
      "resolved": "https://registry.npmjs.org/methods/-/methods-1.1.0.tgz",
      "integrity": "sha1-XcpO4S31L/OwVhRZhqjwHLyGQ28="
    },
    "mime": {
      "version": "1.2.11",
      "resolved": "https://registry.npmjs.org/mime/-/mime-1.2.11.tgz",
      "integrity": "sha1-WCA+7Ybjpe8XrtK32evUfwpg3RA="
    },
    "mime-db": {
      "version": "1.12.0",
      "resolved": "https://registry.npmjs.org/mime-db/-/mime-db-1.12.0.tgz",
      "integrity": "sha1-PQxjGA9FjrENMlqqN9fFiuMS6dc="
    },
    "mime-types": {
      "version": "2.0.14",
      "resolved": "https://registry.npmjs.org/mime-types/-/mime-types-2.0.14.tgz",
      "integrity": "sha1-MQ4VnbI+B3+Lsit0jav6SVcUCqY=",
      "requires": {
        "mime-db": "~1.12.0"
      }
    },
    "ms": {
      "version": "0.7.0",
      "resolved": "https://registry.npmjs.org/ms/-/ms-0.7.0.tgz",
      "integrity": "sha1-hlvpTC5zl62KV9pqYzpuLzB5i4M="
    },
    "negotiator": {
      "version": "0.4.9",
      "resolved": "https://registry.npmjs.org/negotiator/-/negotiator-0.4.9.tgz",
      "integrity": "sha1-kuRrbbU8fkIe1koryU8IvnYw3z8="
    },
    "on-finished": {
      "version": "2.1.1",
      "resolved": "https://registry.npmjs.org/on-finished/-/on-finished-2.1.1.tgz",
      "integrity": "sha1-+CyhyeOk8yhrG5k4YQ5bhja9PLI=",
      "requires": {
        "ee-first": "1.1.0"
      }
    },
    "parseqs": {
      "version": "0.0.6",
      "resolved": "https://registry.npmjs.org/parseqs/-/parseqs-0.0.6.tgz",
      "integrity": "sha512-jeAGzMDbfSHHA091hr0r31eYfTig+29g3GKKE/PPbEQ65X0lmMwlEoqmhzu0iztID5uJpZsFlUPDP8ThPL7M8w=="
    },
    "parseuri": {
      "version": "0.0.6",
      "resolved": "https://registry.npmjs.org/parseuri/-/parseuri-0.0.6.tgz",
      "integrity": "sha512-AUjen8sAkGgao7UyCX6Ahv0gIK2fABKmYjvP4xmy5JaKvcbTRueIqIPHLAfq30xJddqSE033IOMUSOMCcK3Sow=="
    },
    "parseurl": {
      "version": "1.3.3",
      "resolved": "https://registry.npmjs.org/parseurl/-/parseurl-1.3.3.tgz",
      "integrity": "sha512-CiyeOxFT/JZyN5m0z9PfXw4SCBJ6Sygz1Dpl0wqjlhDEGGBP1GnsUVEL0p63hoG1fcj3fHynXi9NYO4nWOL+qQ=="
    },
    "path-to-regexp": {
      "version": "0.1.3",
      "resolved": "https://registry.npmjs.org/path-to-regexp/-/path-to-regexp-0.1.3.tgz",
      "integrity": "sha1-IbmrgidCed4lsVbqCP0SylG4rss="
    },
    "proxy-addr": {
      "version": "1.0.10",
      "resolved": "https://registry.npmjs.org/proxy-addr/-/proxy-addr-1.0.10.tgz",
      "integrity": "sha1-DUCoL4Afw1VWfS7LZe/j8HfxIcU=",
      "requires": {
        "forwarded": "~0.1.0",
        "ipaddr.js": "1.0.5"
      }
    },
    "qs": {
      "version": "2.3.2",
      "resolved": "https://registry.npmjs.org/qs/-/qs-2.3.2.tgz",
      "integrity": "sha1-1F7CSeS5sCmvAIgpoQHV/36XJ5A="
    },
    "range-parser": {
      "version": "1.0.3",
      "resolved": "https://registry.npmjs.org/range-parser/-/range-parser-1.0.3.tgz",
      "integrity": "sha1-aHKCNTXGkuLCoBA4Jq/YLC4P8XU="
    },
    "send": {
      "version": "0.10.1",
      "resolved": "https://registry.npmjs.org/send/-/send-0.10.1.tgz",
      "integrity": "sha1-d0XFDscvEVEVmA6PsXmuwBkA4Io=",
      "requires": {
        "debug": "~2.1.0",
        "depd": "~1.0.0",
        "destroy": "1.0.3",
        "escape-html": "1.0.1",
        "etag": "~1.5.0",
        "fresh": "0.2.4",
        "mime": "1.2.11",
        "ms": "0.6.2",
        "on-finished": "~2.1.1",
        "range-parser": "~1.0.2"
      },
      "dependencies": {
        "ms": {
          "version": "0.6.2",
          "resolved": "https://registry.npmjs.org/ms/-/ms-0.6.2.tgz",
          "integrity": "sha1-2JwhJMb9wTU9Zai3e/GqxLGTcIw="
        }
      }
    },
    "serve-static": {
      "version": "1.7.2",
      "resolved": "https://registry.npmjs.org/serve-static/-/serve-static-1.7.2.tgz",
      "integrity": "sha1-MWTOBtTmw0Wb3MnWAY+0+zXoSzk=",
      "requires": {
        "escape-html": "1.0.1",
        "parseurl": "~1.3.0",
        "send": "0.10.1",
        "utils-merge": "1.0.0"
      }
    },
    "socket.io": {
      "version": "2.4.0",
      "resolved": "https://registry.npmjs.org/socket.io/-/socket.io-2.4.0.tgz",
      "integrity": "sha512-9UPJ1UTvKayuQfVv2IQ3k7tCQC/fboDyIK62i99dAQIyHKaBsNdTpwHLgKJ6guRWxRtC9H+138UwpaGuQO9uWQ==",
      "requires": {
        "debug": "~4.1.0",
        "engine.io": "~3.5.0",
        "has-binary2": "~1.0.2",
        "socket.io-adapter": "~1.1.0",
        "socket.io-client": "2.4.0",
        "socket.io-parser": "~3.4.0"
      },
      "dependencies": {
        "debug": {
          "version": "4.1.1",
          "resolved": "https://registry.npmjs.org/debug/-/debug-4.1.1.tgz",
          "integrity": "sha512-pYAIzeRo8J6KPEaJ0VWOh5Pzkbw/RetuzehGM7QRRX5he4fPHx2rdKMB256ehJCkX+XRQm16eZLqLNS8RSZXZw==",
          "requires": {
            "ms": "^2.1.1"
          }
        },
        "ms": {
          "version": "2.1.3",
          "resolved": "https://registry.npmjs.org/ms/-/ms-2.1.3.tgz",
          "integrity": "sha512-6FlzubTLZG3J2a/NVCAleEhjzq5oxgHyaCU9yYXvcLsvoVaHJq/s5xXI6/XXP6tz7R9xAOtHnSO/tXtF3WRTlA=="
        }
      }
    },
    "socket.io-adapter": {
      "version": "1.1.2",
      "resolved": "https://registry.npmjs.org/socket.io-adapter/-/socket.io-adapter-1.1.2.tgz",
      "integrity": "sha512-WzZRUj1kUjrTIrUKpZLEzFZ1OLj5FwLlAFQs9kuZJzJi5DKdU7FsWc36SNmA8iDOtwBQyT8FkrriRM8vXLYz8g=="
    },
    "socket.io-client": {
      "version": "2.4.0",
      "resolved": "https://registry.npmjs.org/socket.io-client/-/socket.io-client-2.4.0.tgz",
      "integrity": "sha512-M6xhnKQHuuZd4Ba9vltCLT9oa+YvTsP8j9NcEiLElfIg8KeYPyhWOes6x4t+LTAC8enQbE/995AdTem2uNyKKQ==",
      "requires": {
        "backo2": "1.0.2",
        "component-bind": "1.0.0",
        "component-emitter": "~1.3.0",
        "debug": "~3.1.0",
        "engine.io-client": "~3.5.0",
        "has-binary2": "~1.0.2",
        "indexof": "0.0.1",
        "parseqs": "0.0.6",
        "parseuri": "0.0.6",
        "socket.io-parser": "~3.3.0",
        "to-array": "0.1.4"
      },
      "dependencies": {
        "debug": {
          "version": "3.1.0",
          "resolved": "https://registry.npmjs.org/debug/-/debug-3.1.0.tgz",
          "integrity": "sha512-OX8XqP7/1a9cqkxYw2yXss15f26NKWBpDXQd0/uK/KPqdQhxbPa994hnzjcE2VqQpDslf55723cKPUOGSmMY3g==",
          "requires": {
            "ms": "2.0.0"
          }
        },
        "ms": {
          "version": "2.0.0",
          "resolved": "https://registry.npmjs.org/ms/-/ms-2.0.0.tgz",
          "integrity": "sha1-VgiurfwAvmwpAd9fmGF4jeDVl8g="
        },
        "socket.io-parser": {
          "version": "3.3.2",
          "resolved": "https://registry.npmjs.org/socket.io-parser/-/socket.io-parser-3.3.2.tgz",
          "integrity": "sha512-FJvDBuOALxdCI9qwRrO/Rfp9yfndRtc1jSgVgV8FDraihmSP/MLGD5PEuJrNfjALvcQ+vMDM/33AWOYP/JSjDg==",
          "requires": {
            "component-emitter": "~1.3.0",
            "debug": "~3.1.0",
            "isarray": "2.0.1"
          }
        }
      }
    },
    "socket.io-parser": {
      "version": "3.4.1",
      "resolved": "https://registry.npmjs.org/socket.io-parser/-/socket.io-parser-3.4.1.tgz",
      "integrity": "sha512-11hMgzL+WCLWf1uFtHSNvliI++tcRUWdoeYuwIl+Axvwy9z2gQM+7nJyN3STj1tLj5JyIUH8/gpDGxzAlDdi0A==",
      "requires": {
        "component-emitter": "1.2.1",
        "debug": "~4.1.0",
        "isarray": "2.0.1"
      },
      "dependencies": {
        "component-emitter": {
          "version": "1.2.1",
          "resolved": "https://registry.npmjs.org/component-emitter/-/component-emitter-1.2.1.tgz",
          "integrity": "sha1-E3kY1teCg/ffemt8WmPhQOaUJeY="
        },
        "debug": {
          "version": "4.1.1",
          "resolved": "https://registry.npmjs.org/debug/-/debug-4.1.1.tgz",
          "integrity": "sha512-pYAIzeRo8J6KPEaJ0VWOh5Pzkbw/RetuzehGM7QRRX5he4fPHx2rdKMB256ehJCkX+XRQm16eZLqLNS8RSZXZw==",
          "requires": {
            "ms": "^2.1.1"
          }
        },
        "ms": {
          "version": "2.1.3",
          "resolved": "https://registry.npmjs.org/ms/-/ms-2.1.3.tgz",
          "integrity": "sha512-6FlzubTLZG3J2a/NVCAleEhjzq5oxgHyaCU9yYXvcLsvoVaHJq/s5xXI6/XXP6tz7R9xAOtHnSO/tXtF3WRTlA=="
        }
      }
    },
    "to-array": {
      "version": "0.1.4",
      "resolved": "https://registry.npmjs.org/to-array/-/to-array-0.1.4.tgz",
      "integrity": "sha1-F+bBH3PdTz10zaek/zI46a2b+JA="
    },
    "type-is": {
      "version": "1.5.7",
      "resolved": "https://registry.npmjs.org/type-is/-/type-is-1.5.7.tgz",
      "integrity": "sha1-uTaKWTzG730GReeLL0xky+zQXpA=",
      "requires": {
        "media-typer": "0.3.0",
        "mime-types": "~2.0.9"
      }
    },
    "utils-merge": {
      "version": "1.0.0",
      "resolved": "https://registry.npmjs.org/utils-merge/-/utils-merge-1.0.0.tgz",
      "integrity": "sha1-ApT7kiu5N1FTVBxPcJYjHyh8ivg="
    },
    "vary": {
      "version": "1.0.1",
      "resolved": "https://registry.npmjs.org/vary/-/vary-1.0.1.tgz",
      "integrity": "sha1-meSYFWaihhGN+yuBc1ffeZM3bRA="
    },
    "ws": {
      "version": "7.4.5",
      "resolved": "https://registry.npmjs.org/ws/-/ws-7.4.5.tgz",
      "integrity": "sha512-xzyu3hFvomRfXKH8vOFMU3OguG6oOvhXMo3xsGy3xWExqaM2dxBbVxuD99O7m3ZUFMvvscsZDqxfgMaRr/Nr1g=="
    },
    "xmlhttprequest-ssl": {
      "version": "1.5.5",
      "resolved": "https://registry.npmjs.org/xmlhttprequest-ssl/-/xmlhttprequest-ssl-1.5.5.tgz",
      "integrity": "sha1-wodrBhaKrcQOV9l+gRkayPQ5iz4="
    },
    "yeast": {
      "version": "0.1.2",
      "resolved": "https://registry.npmjs.org/yeast/-/yeast-0.1.2.tgz",
      "integrity": "sha1-AI4G2AlDIMNy28L47XagymyKxBk="
    }
  }
}
